
Microsoft Visual Studio Solution File, Format Version 12.00
# Visual Studio Version 16
VisualStudioVersion = 16.0.32413.511
MinimumVisualStudioVersion = 10.0.40219.1
Project("{FAE04EC0-301F-11D3-BF4B-00C04F79EFBC}") = "Project2", "Project2\Project2.csproj", "{63DB40E3-2834-4C69-B7CD-CE479E803D7E}"
EndProject
Global
	GlobalSection(SolutionConfigurationPlatforms) = preSolution
		Debug|Any CPU = Debug|Any CPU
		Release|Any CPU = Release|Any CPU
	EndGlobalSection
	GlobalSection(ProjectConfigurationPlatforms) = postSolution
		{63DB40E3-2834-4C69-B7CD-CE479E803D7E}.Debug|Any CPU.ActiveCfg = Debug|Any CPU
		{63DB40E3-2834-4C69-B7CD-CE479E803D7E}.Debug|Any CPU.Build.0 = Debug|Any CPU
		{63DB40E3-2834-4C69-B7CD-CE479E803D7E}.Release|Any CPU.ActiveCfg = Release|Any CPU
		{63DB40E3-2834-4C69-B7CD-CE479E803D7E}.Release|Any CPU.Build.0 = Release|Any CPU
	EndGlobalSection
	GlobalSection(SolutionProperties) = preSolution
		HideSolutionNode = FALSE
	EndGlobalSection
	GlobalSection(ExtensibilityGlobals) = postSolution
		SolutionGuid = {E6C724DC-68A4-4789-AAD2-70120B16A66C}
	EndGlobalSection
EndGlobal
