
Microsoft Visual Studio Solution File, Format Version 12.00
# Visual Studio Version 16
VisualStudioVersion = 16.0.32413.511
MinimumVisualStudioVersion = 10.0.40219.1
Project("{FAE04EC0-301F-11D3-BF4B-00C04F79EFBC}") = "Lab9", "Lab9\Lab9.csproj", "{979D8EA6-3298-4B03-9747-F93E36F8347E}"
EndProject
Global
	GlobalSection(SolutionConfigurationPlatforms) = preSolution
		Debug|Any CPU = Debug|Any CPU
		Release|Any CPU = Release|Any CPU
	EndGlobalSection
	GlobalSection(ProjectConfigurationPlatforms) = postSolution
		{979D8EA6-3298-4B03-9747-F93E36F8347E}.Debug|Any CPU.ActiveCfg = Debug|Any CPU
		{979D8EA6-3298-4B03-9747-F93E36F8347E}.Debug|Any CPU.Build.0 = Debug|Any CPU
		{979D8EA6-3298-4B03-9747-F93E36F8347E}.Release|Any CPU.ActiveCfg = Release|Any CPU
		{979D8EA6-3298-4B03-9747-F93E36F8347E}.Release|Any CPU.Build.0 = Release|Any CPU
	EndGlobalSection
	GlobalSection(SolutionProperties) = preSolution
		HideSolutionNode = FALSE
	EndGlobalSection
	GlobalSection(ExtensibilityGlobals) = postSolution
		SolutionGuid = {F1A26D2E-BF18-412B-B7A3-D4A22ECA0243}
	EndGlobalSection
EndGlobal
